
Microsoft Visual Studio Solution File, Format Version 12.00
# Visual Studio 15
VisualStudioVersion = 15.0.28307.271
MinimumVisualStudioVersion = 10.0.40219.1
Project("{E24C65DC-7377-472B-9ABA-BC803B73C61A}") = "MovieBase", "MovieBase\", "{0AAE624E-9D2A-4780-95A8-A613BD9886CB}"
	ProjectSection(WebsiteProperties) = preProject
		TargetFrameworkMoniker = ".NETFramework,Version%3Dv4.6.1"
		Debug.AspNetCompiler.VirtualPath = "/localhost_62054"
		Debug.AspNetCompiler.PhysicalPath = "MovieBase\"
		Debug.AspNetCompiler.TargetPath = "PrecompiledWeb\localhost_62054\"
		Debug.AspNetCompiler.Updateable = "true"
		Debug.AspNetCompiler.ForceOverwrite = "true"
		Debug.AspNetCompiler.FixedNames = "false"
		Debug.AspNetCompiler.Debug = "True"
		Release.AspNetCompiler.VirtualPath = "/localhost_62054"
		Release.AspNetCompiler.PhysicalPath = "MovieBase\"
		Release.AspNetCompiler.TargetPath = "PrecompiledWeb\localhost_62054\"
		Release.AspNetCompiler.Updateable = "true"
		Release.AspNetCompiler.ForceOverwrite = "true"
		Release.AspNetCompiler.FixedNames = "false"
		Release.AspNetCompiler.Debug = "False"
		VWDPort = "62054"
		SlnRelativePath = "MovieBase\"
		DefaultWebSiteLanguage = "Visual C#"
	EndProjectSection
EndProject
Global
	GlobalSection(SolutionConfigurationPlatforms) = preSolution
		Debug|Any CPU = Debug|Any CPU
	EndGlobalSection
	GlobalSection(ProjectConfigurationPlatforms) = postSolution
		{0AAE624E-9D2A-4780-95A8-A613BD9886CB}.Debug|Any CPU.ActiveCfg = Debug|Any CPU
		{0AAE624E-9D2A-4780-95A8-A613BD9886CB}.Debug|Any CPU.Build.0 = Debug|Any CPU
	EndGlobalSection
	GlobalSection(SolutionProperties) = preSolution
		HideSolutionNode = FALSE
	EndGlobalSection
	GlobalSection(ExtensibilityGlobals) = postSolution
		SolutionGuid = {B99CAF3D-D1BA-4CF3-A746-6FE457AEC44C}
	EndGlobalSection
EndGlobal
